PODS:
  - Firebase (2.5.1)
  - SinchVerification-Swift (1.4.3)
  - Stripe (7.0.0):
    - Stripe/Core (= 7.0.0)
  - Stripe/Core (7.0.0)

DEPENDENCIES:
  - Firebase (>= 2.5.1)
  - SinchVerification-Swift
  - Stripe

SPEC CHECKSUMS:
  Firebase: 3565ea88b830f28f2c77ecc524622bc71a20d085
  SinchVerification-Swift: 002aabc80be042e29f3d7161885800b45b7acac5
  Stripe: 147bbff1ba7cf3422e4ed14f6e1fbbc72471ce6c

COCOAPODS: 0.39.0
